// !$*UTF8*$!
{
	archiveVersion = 1;
	classes = {
	};
	objectVersion = 46;
	objects = {

/* Begin PBXBuildFile section */
		7AF075FD169AC1F1004DF79D /* UIKit.framework in Frameworks */ = {isa = PBXBuildFile; fileRef = 7AF075FC169AC1F1004DF79D /* UIKit.framework */; };
		7AF075FF169AC1F1004DF79D /* Foundation.framework in Frameworks */ = {isa = PBXBuildFile; fileRef = 7AF075FE169AC1F1004DF79D /* Foundation.framework */; };
		7AF07601169AC1F1004DF79D /* CoreGraphics.framework in Frameworks */ = {isa = PBXBuildFile; fileRef = 7AF07600169AC1F1004DF79D /* CoreGraphics.framework */; };
		7AF07607169AC1F1004DF79D /* InfoPlist.strings in Resources */ = {isa = PBXBuildFile; fileRef = 7AF07605169AC1F1004DF79D /* InfoPlist.strings */; };
		7AF07609169AC1F1004DF79D /* main.m in Sources */ = {isa = PBXBuildFile; fileRef = 7AF07608169AC1F1004DF79D /* main.m */; };
		7AF0760D169AC1F1004DF79D /* AppDelegate.m in Sources */ = {isa = PBXBuildFile; fileRef = 7AF0760C169AC1F1004DF79D /* AppDelegate.m */; };
		7AF07610169AC1F1004DF79D /* RootViewController.m in Sources */ = {isa = PBXBuildFile; fileRef = 7AF0760F169AC1F1004DF79D /* RootViewController.m */; };
		7AF0761B169AC287004DF79D /* BViewController.m in Sources */ = {isa = PBXBuildFile; fileRef = 7AF0761A169AC287004DF79D /* BViewController.m */; };
		7AF0761E169AC29B004DF79D /* CViewController.m in Sources */ = {isa = PBXBuildFile; fileRef = 7AF0761D169AC29B004DF79D /* CViewController.m */; };
		7AF07625169AC6D1004DF79D /* AViewController.m in Sources */ = {isa = PBXBuildFile; fileRef = 7AF07624169AC6D1004DF79D /* AViewController.m */; };
/* End PBXBuildFile section */

/* Begin PBXFileReference section */
		7AF075F8169AC1F1004DF79D /* TwoLevelPop.app */ = {isa = PBXFileReference; explicitFileType = wrapper.application; includeInIndex = 0; path = TwoLevelPop.app; sourceTree = BUILT_PRODUCTS_DIR; };
		7AF075FC169AC1F1004DF79D /* UIKit.framework */ = {isa = PBXFileReference; lastKnownFileType = wrapper.framework; name = UIKit.framework; path = System/Library/Frameworks/UIKit.framework; sourceTree = SDKROOT; };
		7AF075FE169AC1F1004DF79D /* Foundation.framework */ = {isa = PBXFileReference; lastKnownFileType = wrapper.framework; name = Foundation.framework; path = System/Library/Frameworks/Foundation.framework; sourceTree = SDKROOT; };
		7AF07600169AC1F1004DF79D /* CoreGraphics.framework */ = {isa = PBXFileReference; lastKnownFileType = wrapper.framework; name = CoreGraphics.framework; path = System/Library/Frameworks/CoreGraphics.framework; sourceTree = SDKROOT; };
		7AF07604169AC1F1004DF79D /* TwoLevelPop-Info.plist */ = {isa = PBXFileReference; lastKnownFileType = text.plist.xml; path = "TwoLevelPop-Info.plist"; sourceTree = "<group>"; };
		7AF07606169AC1F1004DF79D /* en */ = {isa = PBXFileReference; lastKnownFileType = text.plist.strings; name = en; path = en.lproj/InfoPlist.strings; sourceTree = "<group>"; };
		7AF07608169AC1F1004DF79D /* main.m */ = {isa = PBXFileReference; lastKnownFileType = sourcecode.c.objc; path = main.m; sourceTree = "<group>"; };
		7AF0760A169AC1F1004DF79D /* TwoLevelPop-Prefix.pch */ = {isa = PBXFileReference; lastKnownFileType = sourcecode.c.h; path = "TwoLevelPop-Prefix.pch"; sourceTree = "<group>"; };
		7AF0760B169AC1F1004DF79D /* AppDelegate.h */ = {isa = PBXFileReference; lastKnownFileType = sourcecode.c.h; path = AppDelegate.h; sourceTree = "<group>"; };
		7AF0760C169AC1F1004DF79D /* AppDelegate.m */ = {isa = PBXFileReference; lastKnownFileType = sourcecode.c.objc; path = AppDelegate.m; sourceTree = "<group>"; };
		7AF0760E169AC1F1004DF79D /* RootViewController.h */ = {isa = PBXFileReference; lastKnownFileType = sourcecode.c.h; path = RootViewController.h; sourceTree = "<group>"; };
		7AF0760F169AC1F1004DF79D /* RootViewController.m */ = {isa = PBXFileReference; lastKnownFileType = sourcecode.c.objc; path = RootViewController.m; sourceTree = "<group>"; };
		7AF07619169AC287004DF79D /* BViewController.h */ = {isa = PBXFileReference; fileEncoding = 4; lastKnownFileType = sourcecode.c.h; path = BViewController.h; sourceTree = "<group>"; };
		7AF0761A169AC287004DF79D /* BViewController.m */ = {isa = PBXFileReference; fileEncoding = 4; lastKnownFileType = sourcecode.c.objc; path = BViewController.m; sourceTree = "<group>"; };
		7AF0761C169AC29B004DF79D /* CViewController.h */ = {isa = PBXFileReference; fileEncoding = 4; lastKnownFileType = sourcecode.c.h; path = CViewController.h; sourceTree = "<group>"; };
		7AF0761D169AC29B004DF79D /* CViewController.m */ = {isa = PBXFileReference; fileEncoding = 4; lastKnownFileType = sourcecode.c.objc; path = CViewController.m; sourceTree = "<group>"; };
		7AF07623169AC6D1004DF79D /* AViewController.h */ = {isa = PBXFileReference; fileEncoding = 4; lastKnownFileType = sourcecode.c.h; path = AViewController.h; sourceTree = "<group>"; };
		7AF07624169AC6D1004DF79D /* AViewController.m */ = {isa = PBXFileReference; fileEncoding = 4; lastKnownFileType = sourcecode.c.objc; path = AViewController.m; sourceTree = "<group>"; };
/* End PBXFileReference section */

/* Begin PBXFrameworksBuildPhase section */
		7AF075F5169AC1F1004DF79D /* Frameworks */ = {
			isa = PBXFrameworksBuildPhase;
			buildActionMask = 2147483647;
			files = (
				7AF075FD169AC1F1004DF79D /* UIKit.framework in Frameworks */,
				7AF075FF169AC1F1004DF79D /* Foundation.framework in Frameworks */,
				7AF07601169AC1F1004DF79D /* CoreGraphics.framework in Frameworks */,
			);
			runOnlyForDeploymentPostprocessing = 0;
		};
/* End PBXFrameworksBuildPhase section */

/* Begin PBXGroup section */
		7AF075ED169AC1F0004DF79D = {
			isa = PBXGroup;
			children = (
				7AF07602169AC1F1004DF79D /* TwoLevelPop */,
				7AF075FB169AC1F1004DF79D /* Frameworks */,
				7AF075F9169AC1F1004DF79D /* Products */,
			);
			sourceTree = "<group>";
		};
		7AF075F9169AC1F1004DF79D /* Products */ = {
			isa = PBXGroup;
			children = (
				7AF075F8169AC1F1004DF79D /* TwoLevelPop.app */,
			);
			name = Products;
			sourceTree = "<group>";
		};
		7AF075FB169AC1F1004DF79D /* Frameworks */ = {
			isa = PBXGroup;
			children = (
				7AF075FC169AC1F1004DF79D /* UIKit.framework */,
				7AF075FE169AC1F1004DF79D /* Foundation.framework */,
				7AF07600169AC1F1004DF79D /* CoreGraphics.framework */,
			);
			name = Frameworks;
			sourceTree = "<group>";
		};
		7AF07602169AC1F1004DF79D /* TwoLevelPop */ = {
			isa = PBXGroup;
			children = (
				7AF0760B169AC1F1004DF79D /* AppDelegate.h */,
				7AF0760C169AC1F1004DF79D /* AppDelegate.m */,
				7AF0760E169AC1F1004DF79D /* RootViewController.h */,
				7AF0760F169AC1F1004DF79D /* RootViewController.m */,
				7AF07603169AC1F1004DF79D /* Supporting Files */,
				7AF07619169AC287004DF79D /* BViewController.h */,
				7AF0761A169AC287004DF79D /* BViewController.m */,
				7AF0761C169AC29B004DF79D /* CViewController.h */,
				7AF0761D169AC29B004DF79D /* CViewController.m */,
				7AF07623169AC6D1004DF79D /* AViewController.h */,
				7AF07624169AC6D1004DF79D /* AViewController.m */,
			);
			path = TwoLevelPop;
			sourceTree = "<group>";
		};
		7AF07603169AC1F1004DF79D /* Supporting Files */ = {
			isa = PBXGroup;
			children = (
				7AF07604169AC1F1004DF79D /* TwoLevelPop-Info.plist */,
				7AF07605169AC1F1004DF79D /* InfoPlist.strings */,
				7AF07608169AC1F1004DF79D /* main.m */,
				7AF0760A169AC1F1004DF79D /* TwoLevelPop-Prefix.pch */,
			);
			name = "Supporting Files";
			sourceTree = "<group>";
		};
/* End PBXGroup section */

/* Begin PBXNativeTarget section */
		7AF075F7169AC1F1004DF79D /* TwoLevelPop */ = {
			isa = PBXNativeTarget;
			buildConfigurationList = 7AF07616169AC1F1004DF79D /* Build configuration list for PBXNativeTarget "TwoLevelPop" */;
			buildPhases = (
				7AF075F4169AC1F1004DF79D /* Sources */,
				7AF075F5169AC1F1004DF79D /* Frameworks */,
				7AF075F6169AC1F1004DF79D /* Resources */,
			);
			buildRules = (
			);
			dependencies = (
			);
			name = TwoLevelPop;
			productName = TwoLevelPop;
			productReference = 7AF075F8169AC1F1004DF79D /* TwoLevelPop.app */;
			productType = "com.apple.product-type.application";
		};
/* End PBXNativeTarget section */

/* Begin PBXProject section */
		7AF075EF169AC1F0004DF79D /* Project object */ = {
			isa = PBXProject;
			attributes = {
				LastUpgradeCheck = 0430;
			};
			buildConfigurationList = 7AF075F2169AC1F0004DF79D /* Build configuration list for PBXProject "TwoLevelPop" */;
			compatibilityVersion = "Xcode 3.2";
			developmentRegion = English;
			hasScannedForEncodings = 0;
			knownRegions = (
				en,
			);
			mainGroup = 7AF075ED169AC1F0004DF79D;
			productRefGroup = 7AF075F9169AC1F1004DF79D /* Products */;
			projectDirPath = "";
			projectRoot = "";
			targets = (
				7AF075F7169AC1F1004DF79D /* TwoLevelPop */,
			);
		};
/* End PBXProject section */

/* Begin PBXResourcesBuildPhase section */
		7AF075F6169AC1F1004DF79D /* Resources */ = {
			isa = PBXResourcesBuildPhase;
			buildActionMask = 2147483647;
			files = (
				7AF07607169AC1F1004DF79D /* InfoPlist.strings in Resources */,
			);
			runOnlyForDeploymentPostprocessing = 0;
		};
/* End PBXResourcesBuildPhase section */

/* Begin PBXSourcesBuildPhase section */
		7AF075F4169AC1F1004DF79D /* Sources */ = {
			isa = PBXSourcesBuildPhase;
			buildActionMask = 2147483647;
			files = (
				7AF07609169AC1F1004DF79D /* main.m in Sources */,
				7AF0760D169AC1F1004DF79D /* AppDelegate.m in Sources */,
				7AF07610169AC1F1004DF79D /* RootViewController.m in Sources */,
				7AF0761B169AC287004DF79D /* BViewController.m in Sources */,
				7AF0761E169AC29B004DF79D /* CViewController.m in Sources */,
				7AF07625169AC6D1004DF79D /* AViewController.m in Sources */,
			);
			runOnlyForDeploymentPostprocessing = 0;
		};
/* End PBXSourcesBuildPhase section */

/* Begin PBXVariantGroup section */
		7AF07605169AC1F1004DF79D /* InfoPlist.strings */ = {
			isa = PBXVariantGroup;
			children = (
				7AF07606169AC1F1004DF79D /* en */,
			);
			name = InfoPlist.strings;
			sourceTree = "<group>";
		};
/* End PBXVariantGroup section */

/* Begin XCBuildConfiguration section */
		7AF07614169AC1F1004DF79D /* Debug */ = {
			isa = XCBuildConfiguration;
			buildSettings = {
				ALWAYS_SEARCH_USER_PATHS = NO;
				ARCHS = "$(ARCHS_STANDARD_32_BIT)";
				"CODE_SIGN_IDENTITY[sdk=iphoneos*]" = "iPhone Developer";
				COPY_PHASE_STRIP = NO;
				GCC_C_LANGUAGE_STANDARD = gnu99;
				GCC_DYNAMIC_NO_PIC = NO;
				GCC_OPTIMIZATION_LEVEL = 0;
				GCC_PREPROCESSOR_DEFINITIONS = (
					"DEBUG=1",
					"$(inherited)",
				);
				GCC_SYMBOLS_PRIVATE_EXTERN = NO;
				GCC_VERSION = com.apple.compilers.llvm.clang.1_0;
				GCC_WARN_ABOUT_MISSING_PROTOTYPES = YES;
				GCC_WARN_ABOUT_RETURN_TYPE = YES;
				GCC_WARN_UNUSED_VARIABLE = YES;
				IPHONEOS_DEPLOYMENT_TARGET = 4.3;
				SDKROOT = iphoneos;
			};
			name = Debug;
		};
		7AF07615169AC1F1004DF79D /* Release */ = {
			isa = XCBuildConfiguration;
			buildSettings = {
				ALWAYS_SEARCH_USER_PATHS = NO;
				ARCHS = "$(ARCHS_STANDARD_32_BIT)";
				"CODE_SIGN_IDENTITY[sdk=iphoneos*]" = "iPhone Developer";
				COPY_PHASE_STRIP = YES;
				GCC_C_LANGUAGE_STANDARD = gnu99;
				GCC_VERSION = com.apple.compilers.llvm.clang.1_0;
				GCC_WARN_ABOUT_MISSING_PROTOTYPES = YES;
				GCC_WARN_ABOUT_RETURN_TYPE = YES;
				GCC_WARN_UNUSED_VARIABLE = YES;
				IPHONEOS_DEPLOYMENT_TARGET = 4.3;
				OTHER_CFLAGS = "-DNS_BLOCK_ASSERTIONS=1";
				SDKROOT = iphoneos;
				VALIDATE_PRODUCT = YES;
			};
			name = Release;
		};
		7AF07617169AC1F1004DF79D /* Debug */ = {
			isa = XCBuildConfiguration;
			buildSettings = {
				GCC_PRECOMPILE_PREFIX_HEADER = YES;
				GCC_PREFIX_HEADER = "TwoLevelPop/TwoLevelPop-Prefix.pch";
				INFOPLIST_FILE = "TwoLevelPop/TwoLevelPop-Info.plist";
				IPHONEOS_DEPLOYMENT_TARGET = 4.3;
				PRODUCT_NAME = "$(TARGET_NAME)";
				WRAPPER_EXTENSION = app;
			};
			name = Debug;
		};
		7AF07618169AC1F1004DF79D /* Release */ = {
			isa = XCBuildConfiguration;
			buildSettings = {
				GCC_PRECOMPILE_PREFIX_HEADER = YES;
				GCC_PREFIX_HEADER = "TwoLevelPop/TwoLevelPop-Prefix.pch";
				INFOPLIST_FILE = "TwoLevelPop/TwoLevelPop-Info.plist";
				IPHONEOS_DEPLOYMENT_TARGET = 4.3;
				PRODUCT_NAME = "$(TARGET_NAME)";
				WRAPPER_EXTENSION = app;
			};
			name = Release;
		};
/* End XCBuildConfiguration section */

/* Begin XCConfigurationList section */
		7AF075F2169AC1F0004DF79D /* Build configuration list for PBXProject "TwoLevelPop" */ = {
			isa = XCConfigurationList;
			buildConfigurations = (
				7AF07614169AC1F1004DF79D /* Debug */,
				7AF07615169AC1F1004DF79D /* Release */,
			);
			defaultConfigurationIsVisible = 0;
			defaultConfigurationName = Release;
		};
		7AF07616169AC1F1004DF79D /* Build configuration list for PBXNativeTarget "TwoLevelPop" */ = {
			isa = XCConfigurationList;
			buildConfigurations = (
				7AF07617169AC1F1004DF79D /* Debug */,
				7AF07618169AC1F1004DF79D /* Release */,
			);
			defaultConfigurationIsVisible = 0;
			defaultConfigurationName = Release;
		};
/* End XCConfigurationList section */
	};
	rootObject = 7AF075EF169AC1F0004DF79D /* Project object */;
}
